
Microsoft Visual Studio Solution File, Format Version 12.00
# Visual Studio Version 16
VisualStudioVersion = 16.0.30225.117
MinimumVisualStudioVersion = 10.0.40219.1
Project("{FAE04EC0-301F-11D3-BF4B-00C04F79EFBC}") = "Caesar Cipher", "Caesar Cipher.csproj", "{DFB61F9D-8774-4DDB-B04B-4C83AD709A74}"
EndProject
Global
	GlobalSection(SolutionConfigurationPlatforms) = preSolution
		Debug|Any CPU = Debug|Any CPU
		Release|Any CPU = Release|Any CPU
	EndGlobalSection
	GlobalSection(ProjectConfigurationPlatforms) = postSolution
		{DFB61F9D-8774-4DDB-B04B-4C83AD709A74}.Debug|Any CPU.ActiveCfg = Debug|Any CPU
		{DFB61F9D-8774-4DDB-B04B-4C83AD709A74}.Debug|Any CPU.Build.0 = Debug|Any CPU
		{DFB61F9D-8774-4DDB-B04B-4C83AD709A74}.Release|Any CPU.ActiveCfg = Release|Any CPU
		{DFB61F9D-8774-4DDB-B04B-4C83AD709A74}.Release|Any CPU.Build.0 = Release|Any CPU
	EndGlobalSection
	GlobalSection(SolutionProperties) = preSolution
		HideSolutionNode = FALSE
	EndGlobalSection
	GlobalSection(ExtensibilityGlobals) = postSolution
		SolutionGuid = {ECCDCD52-D039-4766-B621-EDD177287500}
	EndGlobalSection
EndGlobal
